
Microsoft Visual Studio Solution File, Format Version 12.00
# Visual Studio Version 17
VisualStudioVersion = 17.9.34728.123
MinimumVisualStudioVersion = 10.0.40219.1
Project("{FAE04EC0-301F-11D3-BF4B-00C04F79EFBC}") = "MvcTelefonSatısOtomasyon", "MvcTelefonSatısOtomasyon.csproj", "{FE1B6919-450B-490F-B727-66B7D7A511C6}"
EndProject
Global
	GlobalSection(SolutionConfigurationPlatforms) = preSolution
		Debug|Any CPU = Debug|Any CPU
		Release|Any CPU = Release|Any CPU
	EndGlobalSection
	GlobalSection(ProjectConfigurationPlatforms) = postSolution
		{FE1B6919-450B-490F-B727-66B7D7A511C6}.Debug|Any CPU.ActiveCfg = Debug|Any CPU
		{FE1B6919-450B-490F-B727-66B7D7A511C6}.Debug|Any CPU.Build.0 = Debug|Any CPU
		{FE1B6919-450B-490F-B727-66B7D7A511C6}.Release|Any CPU.ActiveCfg = Release|Any CPU
		{FE1B6919-450B-490F-B727-66B7D7A511C6}.Release|Any CPU.Build.0 = Release|Any CPU
	EndGlobalSection
	GlobalSection(SolutionProperties) = preSolution
		HideSolutionNode = FALSE
	EndGlobalSection
	GlobalSection(ExtensibilityGlobals) = postSolution
		SolutionGuid = {185991AF-3DA4-443C-97C8-5508A212D5D4}
	EndGlobalSection
EndGlobal
